// !$*UTF8*$!
{
	archiveVersion = 1;
	classes = {
	};
	objectVersion = 56;
	objects = {

/* Begin PBXBuildFile section */
		298B22FA2B8486B600FD0D16 /* AddViewController.swift in Sources */ = {isa = PBXBuildFile; fileRef = 298B22F92B8486B600FD0D16 /* AddViewController.swift */; };
		29B4E3C82B8438D10002758D /* AppDelegate.swift in Sources */ = {isa = PBXBuildFile; fileRef = 29B4E3C72B8438D10002758D /* AppDelegate.swift */; };
		29B4E3CA2B8438D20002758D /* SceneDelegate.swift in Sources */ = {isa = PBXBuildFile; fileRef = 29B4E3C92B8438D20002758D /* SceneDelegate.swift */; };
		29B4E3CC2B8438D20002758D /* ViewController.swift in Sources */ = {isa = PBXBuildFile; fileRef = 29B4E3CB2B8438D20002758D /* ViewController.swift */; };
		29B4E3CF2B8438D20002758D /* Main.storyboard in Resources */ = {isa = PBXBuildFile; fileRef = 29B4E3CD2B8438D20002758D /* Main.storyboard */; };
		29B4E3D12B8438D80002758D /* Assets.xcassets in Resources */ = {isa = PBXBuildFile; fileRef = 29B4E3D02B8438D80002758D /* Assets.xcassets */; };
		29B4E3D42B8438D80002758D /* LaunchScreen.storyboard in Resources */ = {isa = PBXBuildFile; fileRef = 29B4E3D22B8438D80002758D /* LaunchScreen.storyboard */; };
		F696608E2B90C14300256DD0 /* Model.xcdatamodeld in Sources */ = {isa = PBXBuildFile; fileRef = F696608C2B90C14300256DD0 /* Model.xcdatamodeld */; };
/* End PBXBuildFile section */

/* Begin PBXFileReference section */
		298B22F92B8486B600FD0D16 /* AddViewController.swift */ = {isa = PBXFileReference; lastKnownFileType = sourcecode.swift; path = AddViewController.swift; sourceTree = "<group>"; };
		29B4E3C42B8438D10002758D /* ReminderApp_IOS.app */ = {isa = PBXFileReference; explicitFileType = wrapper.application; includeInIndex = 0; path = ReminderApp_IOS.app; sourceTree = BUILT_PRODUCTS_DIR; };
		29B4E3C72B8438D10002758D /* AppDelegate.swift */ = {isa = PBXFileReference; lastKnownFileType = sourcecode.swift; path = AppDelegate.swift; sourceTree = "<group>"; };
		29B4E3C92B8438D20002758D /* SceneDelegate.swift */ = {isa = PBXFileReference; lastKnownFileType = sourcecode.swift; path = SceneDelegate.swift; sourceTree = "<group>"; };
		29B4E3CB2B8438D20002758D /* ViewController.swift */ = {isa = PBXFileReference; lastKnownFileType = sourcecode.swift; path = ViewController.swift; sourceTree = "<group>"; };
		29B4E3CE2B8438D20002758D /* Base */ = {isa = PBXFileReference; lastKnownFileType = file.storyboard; name = Base; path = Base.lproj/Main.storyboard; sourceTree = "<group>"; };
		29B4E3D02B8438D80002758D /* Assets.xcassets */ = {isa = PBXFileReference; lastKnownFileType = folder.assetcatalog; path = Assets.xcassets; sourceTree = "<group>"; };
		29B4E3D32B8438D80002758D /* Base */ = {isa = PBXFileReference; lastKnownFileType = file.storyboard; name = Base; path = Base.lproj/LaunchScreen.storyboard; sourceTree = "<group>"; };
		29B4E3D52B8438D80002758D /* Info.plist */ = {isa = PBXFileReference; lastKnownFileType = text.plist.xml; path = Info.plist; sourceTree = "<group>"; };
		F696608D2B90C14300256DD0 /* Model.xcdatamodel */ = {isa = PBXFileReference; lastKnownFileType = wrapper.xcdatamodel; path = Model.xcdatamodel; sourceTree = "<group>"; };
/* End PBXFileReference section */

/* Begin PBXFrameworksBuildPhase section */
		29B4E3C12B8438D10002758D /* Frameworks */ = {
			isa = PBXFrameworksBuildPhase;
			buildActionMask = 2147483647;
			files = (
			);
			runOnlyForDeploymentPostprocessing = 0;
		};
/* End PBXFrameworksBuildPhase section */

/* Begin PBXGroup section */
		29B4E3BB2B8438D10002758D = {
			isa = PBXGroup;
			children = (
				29B4E3C62B8438D10002758D /* ReminderApp_IOS */,
				29B4E3C52B8438D10002758D /* Products */,
			);
			sourceTree = "<group>";
		};
		29B4E3C52B8438D10002758D /* Products */ = {
			isa = PBXGroup;
			children = (
				29B4E3C42B8438D10002758D /* ReminderApp_IOS.app */,
			);
			name = Products;
			sourceTree = "<group>";
		};
		29B4E3C62B8438D10002758D /* ReminderApp_IOS */ = {
			isa = PBXGroup;
			children = (
				29B4E3C72B8438D10002758D /* AppDelegate.swift */,
				29B4E3C92B8438D20002758D /* SceneDelegate.swift */,
				29B4E3CB2B8438D20002758D /* ViewController.swift */,
				F696608C2B90C14300256DD0 /* Model.xcdatamodeld */,
				29B4E3CD2B8438D20002758D /* Main.storyboard */,
				29B4E3D02B8438D80002758D /* Assets.xcassets */,
				29B4E3D22B8438D80002758D /* LaunchScreen.storyboard */,
				29B4E3D52B8438D80002758D /* Info.plist */,
				298B22F92B8486B600FD0D16 /* AddViewController.swift */,
			);
			path = ReminderApp_IOS;
			sourceTree = "<group>";
		};
/* End PBXGroup section */

/* Begin PBXNativeTarget section */
		29B4E3C32B8438D10002758D /* ReminderApp_IOS */ = {
			isa = PBXNativeTarget;
			buildConfigurationList = 29B4E3D82B8438D80002758D /* Build configuration list for PBXNativeTarget "ReminderApp_IOS" */;
			buildPhases = (
				29B4E3C02B8438D10002758D /* Sources */,
				29B4E3C12B8438D10002758D /* Frameworks */,
				29B4E3C22B8438D10002758D /* Resources */,
			);
			buildRules = (
			);
			dependencies = (
			);
			name = ReminderApp_IOS;
			productName = ReminderApp_IOS;
			productReference = 29B4E3C42B8438D10002758D /* ReminderApp_IOS.app */;
			productType = "com.apple.product-type.application";
		};
/* End PBXNativeTarget section */

/* Begin PBXProject section */
		29B4E3BC2B8438D10002758D /* Project object */ = {
			isa = PBXProject;
			attributes = {
				BuildIndependentTargetsInParallel = 1;
				LastSwiftUpdateCheck = 1430;
				LastUpgradeCheck = 1430;
				TargetAttributes = {
					29B4E3C32B8438D10002758D = {
						CreatedOnToolsVersion = 14.3;
					};
				};
			};
			buildConfigurationList = 29B4E3BF2B8438D10002758D /* Build configuration list for PBXProject "ReminderApp_IOS" */;
			compatibilityVersion = "Xcode 14.0";
			developmentRegion = en;
			hasScannedForEncodings = 0;
			knownRegions = (
				en,
				Base,
			);
			mainGroup = 29B4E3BB2B8438D10002758D;
			productRefGroup = 29B4E3C52B8438D10002758D /* Products */;
			projectDirPath = "";
			projectRoot = "";
			targets = (
				29B4E3C32B8438D10002758D /* ReminderApp_IOS */,
			);
		};
/* End PBXProject section */

/* Begin PBXResourcesBuildPhase section */
		29B4E3C22B8438D10002758D /* Resources */ = {
			isa = PBXResourcesBuildPhase;
			buildActionMask = 2147483647;
			files = (
				29B4E3D42B8438D80002758D /* LaunchScreen.storyboard in Resources */,
				29B4E3D12B8438D80002758D /* Assets.xcassets in Resources */,
				29B4E3CF2B8438D20002758D /* Main.storyboard in Resources */,
			);
			runOnlyForDeploymentPostprocessing = 0;
		};
/* End PBXResourcesBuildPhase section */

/* Begin PBXSourcesBuildPhase section */
		29B4E3C02B8438D10002758D /* Sources */ = {
			isa = PBXSourcesBuildPhase;
			buildActionMask = 2147483647;
			files = (
				29B4E3CC2B8438D20002758D /* ViewController.swift in Sources */,
				29B4E3C82B8438D10002758D /* AppDelegate.swift in Sources */,
				F696608E2B90C14300256DD0 /* Model.xcdatamodeld in Sources */,
				298B22FA2B8486B600FD0D16 /* AddViewController.swift in Sources */,
				29B4E3CA2B8438D20002758D /* SceneDelegate.swift in Sources */,
			);
			runOnlyForDeploymentPostprocessing = 0;
		};
/* End PBXSourcesBuildPhase section */

/* Begin PBXVariantGroup section */
		29B4E3CD2B8438D20002758D /* Main.storyboard */ = {
			isa = PBXVariantGroup;
			children = (
				29B4E3CE2B8438D20002758D /* Base */,
			);
			name = Main.storyboard;
			sourceTree = "<group>";
		};
		29B4E3D22B8438D80002758D /* LaunchScreen.storyboard */ = {
			isa = PBXVariantGroup;
			children = (
				29B4E3D32B8438D80002758D /* Base */,
			);
			name = LaunchScreen.storyboard;
			sourceTree = "<group>";
		};
/* End PBXVariantGroup section */

/* Begin XCBuildConfiguration section */
		29B4E3D62B8438D80002758D /* Debug */ = {
			isa = XCBuildConfiguration;
			buildSettings = {
				ALWAYS_SEARCH_USER_PATHS = NO;
				CLANG_ANALYZER_NONNULL = YES;
				CLANG_ANALYZER_NUMBER_OBJECT_CONVERSION = YES_AGGRESSIVE;
				CLANG_CXX_LANGUAGE_STANDARD = "gnu++20";
				CLANG_ENABLE_MODULES = YES;
				CLANG_ENABLE_OBJC_ARC = YES;
				CLANG_ENABLE_OBJC_WEAK = YES;
				CLANG_WARN_BLOCK_CAPTURE_AUTORELEASING = YES;
				CLANG_WARN_BOOL_CONVERSION = YES;
				CLANG_WARN_COMMA = YES;
				CLANG_WARN_CONSTANT_CONVERSION = YES;
				CLANG_WARN_DEPRECATED_OBJC_IMPLEMENTATIONS = YES;
				CLANG_WARN_DIRECT_OBJC_ISA_USAGE = YES_ERROR;
				CLANG_WARN_DOCUMENTATION_COMMENTS = YES;
				CLANG_WARN_EMPTY_BODY = YES;
				CLANG_WARN_ENUM_CONVERSION = YES;
				CLANG_WARN_INFINITE_RECURSION = YES;
				CLANG_WARN_INT_CONVERSION = YES;
				CLANG_WARN_NON_LITERAL_NULL_CONVERSION = YES;
				CLANG_WARN_OBJC_IMPLICIT_RETAIN_SELF = YES;
				CLANG_WARN_OBJC_LITERAL_CONVERSION = YES;
				CLANG_WARN_OBJC_ROOT_CLASS = YES_ERROR;
				CLANG_WARN_QUOTED_INCLUDE_IN_FRAMEWORK_HEADER = YES;
				CLANG_WARN_RANGE_LOOP_ANALYSIS = YES;
				CLANG_WARN_STRICT_PROTOTYPES = YES;
				CLANG_WARN_SUSPICIOUS_MOVE = YES;
				CLANG_WARN_UNGUARDED_AVAILABILITY = YES_AGGRESSIVE;
				CLANG_WARN_UNREACHABLE_CODE = YES;
				CLANG_WARN__DUPLICATE_METHOD_MATCH = YES;
				COPY_PHASE_STRIP = NO;
				DEBUG_INFORMATION_FORMAT = dwarf;
				ENABLE_STRICT_OBJC_MSGSEND = YES;
				ENABLE_TESTABILITY = YES;
				GCC_C_LANGUAGE_STANDARD = gnu11;
				GCC_DYNAMIC_NO_PIC = NO;
				GCC_NO_COMMON_BLOCKS = YES;
				GCC_OPTIMIZATION_LEVEL = 0;
				GCC_PREPROCESSOR_DEFINITIONS = (
					"DEBUG=1",
					"$(inherited)",
				);
				GCC_WARN_64_TO_32_BIT_CONVERSION = YES;
				GCC_WARN_ABOUT_RETURN_TYPE = YES_ERROR;
				GCC_WARN_UNDECLARED_SELECTOR = YES;
				GCC_WARN_UNINITIALIZED_AUTOS = YES_AGGRESSIVE;
				GCC_WARN_UNUSED_FUNCTION = YES;
				GCC_WARN_UNUSED_VARIABLE = YES;
				IPHONEOS_DEPLOYMENT_TARGET = 16.4;
				MTL_ENABLE_DEBUG_INFO = INCLUDE_SOURCE;
				MTL_FAST_MATH = YES;
				ONLY_ACTIVE_ARCH = YES;
				SDKROOT = iphoneos;
				SWIFT_ACTIVE_COMPILATION_CONDITIONS = DEBUG;
				SWIFT_OPTIMIZATION_LEVEL = "-Onone";
			};
			name = Debug;
		};
		29B4E3D72B8438D80002758D /* Release */ = {
			isa = XCBuildConfiguration;
			buildSettings = {
				ALWAYS_SEARCH_USER_PATHS = NO;
				CLANG_ANALYZER_NONNULL = YES;
				CLANG_ANALYZER_NUMBER_OBJECT_CONVERSION = YES_AGGRESSIVE;
				CLANG_CXX_LANGUAGE_STANDARD = "gnu++20";
				CLANG_ENABLE_MODULES = YES;
				CLANG_ENABLE_OBJC_ARC = YES;
				CLANG_ENABLE_OBJC_WEAK = YES;
				CLANG_WARN_BLOCK_CAPTURE_AUTORELEASING = YES;
				CLANG_WARN_BOOL_CONVERSION = YES;
				CLANG_WARN_COMMA = YES;
				CLANG_WARN_CONSTANT_CONVERSION = YES;
				CLANG_WARN_DEPRECATED_OBJC_IMPLEMENTATIONS = YES;
				CLANG_WARN_DIRECT_OBJC_ISA_USAGE = YES_ERROR;
				CLANG_WARN_DOCUMENTATION_COMMENTS = YES;
				CLANG_WARN_EMPTY_BODY = YES;
				CLANG_WARN_ENUM_CONVERSION = YES;
				CLANG_WARN_INFINITE_RECURSION = YES;
				CLANG_WARN_INT_CONVERSION = YES;
				CLANG_WARN_NON_LITERAL_NULL_CONVERSION = YES;
				CLANG_WARN_OBJC_IMPLICIT_RETAIN_SELF = YES;
				CLANG_WARN_OBJC_LITERAL_CONVERSION = YES;
				CLANG_WARN_OBJC_ROOT_CLASS = YES_ERROR;
				CLANG_WARN_QUOTED_INCLUDE_IN_FRAMEWORK_HEADER = YES;
				CLANG_WARN_RANGE_LOOP_ANALYSIS = YES;
				CLANG_WARN_STRICT_PROTOTYPES = YES;
				CLANG_WARN_SUSPICIOUS_MOVE = YES;
				CLANG_WARN_UNGUARDED_AVAILABILITY = YES_AGGRESSIVE;
				CLANG_WARN_UNREACHABLE_CODE = YES;
				CLANG_WARN__DUPLICATE_METHOD_MATCH = YES;
				COPY_PHASE_STRIP = NO;
				DEBUG_INFORMATION_FORMAT = "dwarf-with-dsym";
				ENABLE_NS_ASSERTIONS = NO;
				ENABLE_STRICT_OBJC_MSGSEND = YES;
				GCC_C_LANGUAGE_STANDARD = gnu11;
				GCC_NO_COMMON_BLOCKS = YES;
				GCC_WARN_64_TO_32_BIT_CONVERSION = YES;
				GCC_WARN_ABOUT_RETURN_TYPE = YES_ERROR;
				GCC_WARN_UNDECLARED_SELECTOR = YES;
				GCC_WARN_UNINITIALIZED_AUTOS = YES_AGGRESSIVE;
				GCC_WARN_UNUSED_FUNCTION = YES;
				GCC_WARN_UNUSED_VARIABLE = YES;
				IPHONEOS_DEPLOYMENT_TARGET = 16.4;
				MTL_ENABLE_DEBUG_INFO = NO;
				MTL_FAST_MATH = YES;
				SDKROOT = iphoneos;
				SWIFT_COMPILATION_MODE = wholemodule;
				SWIFT_OPTIMIZATION_LEVEL = "-O";
				VALIDATE_PRODUCT = YES;
			};
			name = Release;
		};
		29B4E3D92B8438D80002758D /* Debug */ = {
			isa = XCBuildConfiguration;
			buildSettings = {
				ASSETCATALOG_COMPILER_APPICON_NAME = AppIcon;
				ASSETCATALOG_COMPILER_GLOBAL_ACCENT_COLOR_NAME = AccentColor;
				CODE_SIGN_STYLE = Automatic;
				CURRENT_PROJECT_VERSION = 1;
				DEVELOPMENT_TEAM = 3999J8CVH6;
				GENERATE_INFOPLIST_FILE = YES;
				INFOPLIST_FILE = ReminderApp_IOS/Info.plist;
				INFOPLIST_KEY_UIApplicationSupportsIndirectInputEvents = YES;
				INFOPLIST_KEY_UILaunchStoryboardName = LaunchScreen;
				INFOPLIST_KEY_UIMainStoryboardFile = Main;
				INFOPLIST_KEY_UISupportedInterfaceOrientations_iPad = "UIInterfaceOrientationPortrait UIInterfaceOrientationPortraitUpsideDown UIInterfaceOrientationLandscapeLeft UIInterfaceOrientationLandscapeRight";
				INFOPLIST_KEY_UISupportedInterfaceOrientations_iPhone = "UIInterfaceOrientationPortrait UIInterfaceOrientationLandscapeLeft UIInterfaceOrientationLandscapeRight";
				LD_RUNPATH_SEARCH_PATHS = (
					"$(inherited)",
					"@executable_path/Frameworks",
				);
				MARKETING_VERSION = 1.0;
				PRODUCT_BUNDLE_IDENTIFIER = "fjolla.ReminderApp-IOS";
				PRODUCT_NAME = "$(TARGET_NAME)";
				SWIFT_EMIT_LOC_STRINGS = YES;
				SWIFT_VERSION = 5.0;
				TARGETED_DEVICE_FAMILY = "1,2";
			};
			name = Debug;
		};
		29B4E3DA2B8438D80002758D /* Release */ = {
			isa = XCBuildConfiguration;
			buildSettings = {
				ASSETCATALOG_COMPILER_APPICON_NAME = AppIcon;
				ASSETCATALOG_COMPILER_GLOBAL_ACCENT_COLOR_NAME = AccentColor;
				CODE_SIGN_STYLE = Automatic;
				CURRENT_PROJECT_VERSION = 1;
				DEVELOPMENT_TEAM = 3999J8CVH6;
				GENERATE_INFOPLIST_FILE = YES;
				INFOPLIST_FILE = ReminderApp_IOS/Info.plist;
				INFOPLIST_KEY_UIApplicationSupportsIndirectInputEvents = YES;
				INFOPLIST_KEY_UILaunchStoryboardName = LaunchScreen;
				INFOPLIST_KEY_UIMainStoryboardFile = Main;
				INFOPLIST_KEY_UISupportedInterfaceOrientations_iPad = "UIInterfaceOrientationPortrait UIInterfaceOrientationPortraitUpsideDown UIInterfaceOrientationLandscapeLeft UIInterfaceOrientationLandscapeRight";
				INFOPLIST_KEY_UISupportedInterfaceOrientations_iPhone = "UIInterfaceOrientationPortrait UIInterfaceOrientationLandscapeLeft UIInterfaceOrientationLandscapeRight";
				LD_RUNPATH_SEARCH_PATHS = (
					"$(inherited)",
					"@executable_path/Frameworks",
				);
				MARKETING_VERSION = 1.0;
				PRODUCT_BUNDLE_IDENTIFIER = "fjolla.ReminderApp-IOS";
				PRODUCT_NAME = "$(TARGET_NAME)";
				SWIFT_EMIT_LOC_STRINGS = YES;
				SWIFT_VERSION = 5.0;
				TARGETED_DEVICE_FAMILY = "1,2";
			};
			name = Release;
		};
/* End XCBuildConfiguration section */

/* Begin XCConfigurationList section */
		29B4E3BF2B8438D10002758D /* Build configuration list for PBXProject "ReminderApp_IOS" */ = {
			isa = XCConfigurationList;
			buildConfigurations = (
				29B4E3D62B8438D80002758D /* Debug */,
				29B4E3D72B8438D80002758D /* Release */,
			);
			defaultConfigurationIsVisible = 0;
			defaultConfigurationName = Release;
		};
		29B4E3D82B8438D80002758D /* Build configuration list for PBXNativeTarget "ReminderApp_IOS" */ = {
			isa = XCConfigurationList;
			buildConfigurations = (
				29B4E3D92B8438D80002758D /* Debug */,
				29B4E3DA2B8438D80002758D /* Release */,
			);
			defaultConfigurationIsVisible = 0;
			defaultConfigurationName = Release;
		};
/* End XCConfigurationList section */

/* Begin XCVersionGroup section */
		F696608C2B90C14300256DD0 /* Model.xcdatamodeld */ = {
			isa = XCVersionGroup;
			children = (
				F696608D2B90C14300256DD0 /* Model.xcdatamodel */,
			);
			currentVersion = F696608D2B90C14300256DD0 /* Model.xcdatamodel */;
			path = Model.xcdatamodeld;
			sourceTree = "<group>";
			versionGroupType = wrapper.xcdatamodel;
		};
/* End XCVersionGroup section */
	};
	rootObject = 29B4E3BC2B8438D10002758D /* Project object */;
}
